
Microsoft Visual Studio Solution File, Format Version 12.00
# Visual Studio Version 17
VisualStudioVersion = 17.13.35919.96
MinimumVisualStudioVersion = 10.0.40219.1
Project("{FAE04EC0-301F-11D3-BF4B-00C04F79EFBC}") = "Calculator.API", "Calculator.API\Calculator.API.csproj", "{1AAF0A40-72F3-4126-91D1-74E5124CDEBE}"
EndProject
Project("{FAE04EC0-301F-11D3-BF4B-00C04F79EFBC}") = "Calculator.Application", "Calculator.Application\Calculator.Application.csproj", "{0BE38504-6668-43D5-86BC-A7A3DF568E62}"
EndProject
Project("{FAE04EC0-301F-11D3-BF4B-00C04F79EFBC}") = "Calculator.Core", "Calculator.Core\Calculator.Core.csproj", "{DF5ABB3B-471F-485F-8B55-3B8A955053AF}"
EndProject
Global
	GlobalSection(SolutionConfigurationPlatforms) = preSolution
		Debug|Any CPU = Debug|Any CPU
		Release|Any CPU = Release|Any CPU
	EndGlobalSection
	GlobalSection(ProjectConfigurationPlatforms) = postSolution
		{1AAF0A40-72F3-4126-91D1-74E5124CDEBE}.Debug|Any CPU.ActiveCfg = Debug|Any CPU
		{1AAF0A40-72F3-4126-91D1-74E5124CDEBE}.Debug|Any CPU.Build.0 = Debug|Any CPU
		{1AAF0A40-72F3-4126-91D1-74E5124CDEBE}.Release|Any CPU.ActiveCfg = Release|Any CPU
		{1AAF0A40-72F3-4126-91D1-74E5124CDEBE}.Release|Any CPU.Build.0 = Release|Any CPU
		{0BE38504-6668-43D5-86BC-A7A3DF568E62}.Debug|Any CPU.ActiveCfg = Debug|Any CPU
		{0BE38504-6668-43D5-86BC-A7A3DF568E62}.Debug|Any CPU.Build.0 = Debug|Any CPU
		{0BE38504-6668-43D5-86BC-A7A3DF568E62}.Release|Any CPU.ActiveCfg = Release|Any CPU
		{0BE38504-6668-43D5-86BC-A7A3DF568E62}.Release|Any CPU.Build.0 = Release|Any CPU
		{DF5ABB3B-471F-485F-8B55-3B8A955053AF}.Debug|Any CPU.ActiveCfg = Debug|Any CPU
		{DF5ABB3B-471F-485F-8B55-3B8A955053AF}.Debug|Any CPU.Build.0 = Debug|Any CPU
		{DF5ABB3B-471F-485F-8B55-3B8A955053AF}.Release|Any CPU.ActiveCfg = Release|Any CPU
		{DF5ABB3B-471F-485F-8B55-3B8A955053AF}.Release|Any CPU.Build.0 = Release|Any CPU
	EndGlobalSection
	GlobalSection(SolutionProperties) = preSolution
		HideSolutionNode = FALSE
	EndGlobalSection
	GlobalSection(ExtensibilityGlobals) = postSolution
		SolutionGuid = {4836A640-F5F9-424D-B34C-8FD80896D72C}
	EndGlobalSection
EndGlobal
